
Microsoft Visual Studio Solution File, Format Version 12.00
# Visual Studio Version 16
VisualStudioVersion = 16.0.30517.126
MinimumVisualStudioVersion = 10.0.40219.1
Project("{FAE04EC0-301F-11D3-BF4B-00C04F79EFBC}") = "CreateLogitpe21", "CreateLogitpe21\CreateLogitpe21.csproj", "{3328DBAD-DFA9-454F-87CE-27D7A4EEAF67}"
EndProject
Project("{FAE04EC0-301F-11D3-BF4B-00C04F79EFBC}") = "Enter-task", "Enter-task\Enter-task.csproj", "{C021B13B-81E7-40FF-894C-33AD9A74DD2B}"
EndProject
Project("{FAE04EC0-301F-11D3-BF4B-00C04F79EFBC}") = "Quotes", "Quotes\Quotes.csproj", "{0C622C25-DF26-4BB7-8DEB-1A7F6E627A6E}"
EndProject
Project("{FAE04EC0-301F-11D3-BF4B-00C04F79EFBC}") = "MyFiles", "MyFiles\MyFiles.csproj", "{3950DCF8-D5A1-4E05-9B6C-68B75EBFA056}"
EndProject
Global
	GlobalSection(SolutionConfigurationPlatforms) = preSolution
		Debug|Any CPU = Debug|Any CPU
		Release|Any CPU = Release|Any CPU
	EndGlobalSection
	GlobalSection(ProjectConfigurationPlatforms) = postSolution
		{3328DBAD-DFA9-454F-87CE-27D7A4EEAF67}.Debug|Any CPU.ActiveCfg = Debug|Any CPU
		{3328DBAD-DFA9-454F-87CE-27D7A4EEAF67}.Debug|Any CPU.Build.0 = Debug|Any CPU
		{3328DBAD-DFA9-454F-87CE-27D7A4EEAF67}.Release|Any CPU.ActiveCfg = Release|Any CPU
		{3328DBAD-DFA9-454F-87CE-27D7A4EEAF67}.Release|Any CPU.Build.0 = Release|Any CPU
		{C021B13B-81E7-40FF-894C-33AD9A74DD2B}.Debug|Any CPU.ActiveCfg = Debug|Any CPU
		{C021B13B-81E7-40FF-894C-33AD9A74DD2B}.Debug|Any CPU.Build.0 = Debug|Any CPU
		{C021B13B-81E7-40FF-894C-33AD9A74DD2B}.Release|Any CPU.ActiveCfg = Release|Any CPU
		{C021B13B-81E7-40FF-894C-33AD9A74DD2B}.Release|Any CPU.Build.0 = Release|Any CPU
		{0C622C25-DF26-4BB7-8DEB-1A7F6E627A6E}.Debug|Any CPU.ActiveCfg = Debug|Any CPU
		{0C622C25-DF26-4BB7-8DEB-1A7F6E627A6E}.Debug|Any CPU.Build.0 = Debug|Any CPU
		{0C622C25-DF26-4BB7-8DEB-1A7F6E627A6E}.Release|Any CPU.ActiveCfg = Release|Any CPU
		{0C622C25-DF26-4BB7-8DEB-1A7F6E627A6E}.Release|Any CPU.Build.0 = Release|Any CPU
		{3950DCF8-D5A1-4E05-9B6C-68B75EBFA056}.Debug|Any CPU.ActiveCfg = Debug|Any CPU
		{3950DCF8-D5A1-4E05-9B6C-68B75EBFA056}.Debug|Any CPU.Build.0 = Debug|Any CPU
		{3950DCF8-D5A1-4E05-9B6C-68B75EBFA056}.Release|Any CPU.ActiveCfg = Release|Any CPU
		{3950DCF8-D5A1-4E05-9B6C-68B75EBFA056}.Release|Any CPU.Build.0 = Release|Any CPU
	EndGlobalSection
	GlobalSection(SolutionProperties) = preSolution
		HideSolutionNode = FALSE
	EndGlobalSection
	GlobalSection(ExtensibilityGlobals) = postSolution
		SolutionGuid = {ABB53C71-B870-44F3-A741-0057931145F2}
	EndGlobalSection
EndGlobal
